// !$*UTF8*$!
{
	archiveVersion = 1;
	classes = {
	};
	objectVersion = 56;
	objects = {

/* Begin PBXBuildFile section */
		C1597E2E2BB1153300416992 /* HottSpottApp.swift in Sources */ = {isa = PBXBuildFile; fileRef = C1597E2D2BB1153300416992 /* HottSpottApp.swift */; };
		C1597E302BB1153300416992 /* ContentView.swift in Sources */ = {isa = PBXBuildFile; fileRef = C1597E2F2BB1153300416992 /* ContentView.swift */; };
		C1597E322BB1153600416992 /* Assets.xcassets in Resources */ = {isa = PBXBuildFile; fileRef = C1597E312BB1153600416992 /* Assets.xcassets */; };
		C1597E362BB1153600416992 /* Preview Assets.xcassets in Resources */ = {isa = PBXBuildFile; fileRef = C1597E352BB1153600416992 /* Preview Assets.xcassets */; };
		C1597E402BB1153700416992 /* HottSpottTests.swift in Sources */ = {isa = PBXBuildFile; fileRef = C1597E3F2BB1153700416992 /* HottSpottTests.swift */; };
		C1597E4A2BB1153700416992 /* HottSpottUITests.swift in Sources */ = {isa = PBXBuildFile; fileRef = C1597E492BB1153700416992 /* HottSpottUITests.swift */; };
		C1597E4C2BB1153700416992 /* HottSpottUITestsLaunchTests.swift in Sources */ = {isa = PBXBuildFile; fileRef = C1597E4B2BB1153700416992 /* HottSpottUITestsLaunchTests.swift */; };
		C1597E5D2BB1160400416992 /* LocationsDataService.swift in Sources */ = {isa = PBXBuildFile; fileRef = C1597E5C2BB1160400416992 /* LocationsDataService.swift */; };
		C1597E5F2BB1161A00416992 /* LocationsViewModel.swift in Sources */ = {isa = PBXBuildFile; fileRef = C1597E5E2BB1161A00416992 /* LocationsViewModel.swift */; };
		C1597E612BB1162D00416992 /* LocationDetailView.swift in Sources */ = {isa = PBXBuildFile; fileRef = C1597E602BB1162D00416992 /* LocationDetailView.swift */; };
		C1597E632BB1164900416992 /* LocationMapAnnotationView.swift in Sources */ = {isa = PBXBuildFile; fileRef = C1597E622BB1164900416992 /* LocationMapAnnotationView.swift */; };
		C1597E652BB1165A00416992 /* LocationPreviewView.swift in Sources */ = {isa = PBXBuildFile; fileRef = C1597E642BB1165A00416992 /* LocationPreviewView.swift */; };
		C1597E672BB1166D00416992 /* LocationsView.swift in Sources */ = {isa = PBXBuildFile; fileRef = C1597E662BB1166D00416992 /* LocationsView.swift */; };
		C1597E692BB1167B00416992 /* RatingView.swift in Sources */ = {isa = PBXBuildFile; fileRef = C1597E682BB1167B00416992 /* RatingView.swift */; };
		C1597E6B2BB1169400416992 /* Location.swift in Sources */ = {isa = PBXBuildFile; fileRef = C1597E6A2BB1169400416992 /* Location.swift */; };
/* End PBXBuildFile section */

/* Begin PBXContainerItemProxy section */
		C1597E3C2BB1153700416992 /* PBXContainerItemProxy */ = {
			isa = PBXContainerItemProxy;
			containerPortal = C1597E222BB1153300416992 /* Project object */;
			proxyType = 1;
			remoteGlobalIDString = C1597E292BB1153300416992;
			remoteInfo = HottSpott;
		};
		C1597E462BB1153700416992 /* PBXContainerItemProxy */ = {
			isa = PBXContainerItemProxy;
			containerPortal = C1597E222BB1153300416992 /* Project object */;
			proxyType = 1;
			remoteGlobalIDString = C1597E292BB1153300416992;
			remoteInfo = HottSpott;
		};
/* End PBXContainerItemProxy section */

/* Begin PBXFileReference section */
		C1597E2A2BB1153300416992 /* HottSpott.app */ = {isa = PBXFileReference; explicitFileType = wrapper.application; includeInIndex = 0; path = HottSpott.app; sourceTree = BUILT_PRODUCTS_DIR; };
		C1597E2D2BB1153300416992 /* HottSpottApp.swift */ = {isa = PBXFileReference; lastKnownFileType = sourcecode.swift; path = HottSpottApp.swift; sourceTree = "<group>"; };
		C1597E2F2BB1153300416992 /* ContentView.swift */ = {isa = PBXFileReference; lastKnownFileType = sourcecode.swift; path = ContentView.swift; sourceTree = "<group>"; };
		C1597E312BB1153600416992 /* Assets.xcassets */ = {isa = PBXFileReference; lastKnownFileType = folder.assetcatalog; path = Assets.xcassets; sourceTree = "<group>"; };
		C1597E332BB1153600416992 /* HottSpott.entitlements */ = {isa = PBXFileReference; lastKnownFileType = text.plist.entitlements; path = HottSpott.entitlements; sourceTree = "<group>"; };
		C1597E352BB1153600416992 /* Preview Assets.xcassets */ = {isa = PBXFileReference; lastKnownFileType = folder.assetcatalog; path = "Preview Assets.xcassets"; sourceTree = "<group>"; };
		C1597E3B2BB1153700416992 /* HottSpottTests.xctest */ = {isa = PBXFileReference; explicitFileType = wrapper.cfbundle; includeInIndex = 0; path = HottSpottTests.xctest; sourceTree = BUILT_PRODUCTS_DIR; };
		C1597E3F2BB1153700416992 /* HottSpottTests.swift */ = {isa = PBXFileReference; lastKnownFileType = sourcecode.swift; path = HottSpottTests.swift; sourceTree = "<group>"; };
		C1597E452BB1153700416992 /* HottSpottUITests.xctest */ = {isa = PBXFileReference; explicitFileType = wrapper.cfbundle; includeInIndex = 0; path = HottSpottUITests.xctest; sourceTree = BUILT_PRODUCTS_DIR; };
		C1597E492BB1153700416992 /* HottSpottUITests.swift */ = {isa = PBXFileReference; lastKnownFileType = sourcecode.swift; path = HottSpottUITests.swift; sourceTree = "<group>"; };
		C1597E4B2BB1153700416992 /* HottSpottUITestsLaunchTests.swift */ = {isa = PBXFileReference; lastKnownFileType = sourcecode.swift; path = HottSpottUITestsLaunchTests.swift; sourceTree = "<group>"; };
		C1597E5C2BB1160400416992 /* LocationsDataService.swift */ = {isa = PBXFileReference; lastKnownFileType = sourcecode.swift; path = LocationsDataService.swift; sourceTree = "<group>"; };
		C1597E5E2BB1161A00416992 /* LocationsViewModel.swift */ = {isa = PBXFileReference; lastKnownFileType = sourcecode.swift; path = LocationsViewModel.swift; sourceTree = "<group>"; };
		C1597E602BB1162D00416992 /* LocationDetailView.swift */ = {isa = PBXFileReference; lastKnownFileType = sourcecode.swift; path = LocationDetailView.swift; sourceTree = "<group>"; };
		C1597E622BB1164900416992 /* LocationMapAnnotationView.swift */ = {isa = PBXFileReference; lastKnownFileType = sourcecode.swift; path = LocationMapAnnotationView.swift; sourceTree = "<group>"; };
		C1597E642BB1165A00416992 /* LocationPreviewView.swift */ = {isa = PBXFileReference; lastKnownFileType = sourcecode.swift; path = LocationPreviewView.swift; sourceTree = "<group>"; };
		C1597E662BB1166D00416992 /* LocationsView.swift */ = {isa = PBXFileReference; lastKnownFileType = sourcecode.swift; path = LocationsView.swift; sourceTree = "<group>"; };
		C1597E682BB1167B00416992 /* RatingView.swift */ = {isa = PBXFileReference; lastKnownFileType = sourcecode.swift; path = RatingView.swift; sourceTree = "<group>"; };
		C1597E6A2BB1169400416992 /* Location.swift */ = {isa = PBXFileReference; lastKnownFileType = sourcecode.swift; path = Location.swift; sourceTree = "<group>"; };
/* End PBXFileReference section */

/* Begin PBXFrameworksBuildPhase section */
		C1597E272BB1153300416992 /* Frameworks */ = {
			isa = PBXFrameworksBuildPhase;
			buildActionMask = 2147483647;
			files = (
			);
			runOnlyForDeploymentPostprocessing = 0;
		};
		C1597E382BB1153700416992 /* Frameworks */ = {
			isa = PBXFrameworksBuildPhase;
			buildActionMask = 2147483647;
			files = (
			);
			runOnlyForDeploymentPostprocessing = 0;
		};
		C1597E422BB1153700416992 /* Frameworks */ = {
			isa = PBXFrameworksBuildPhase;
			buildActionMask = 2147483647;
			files = (
			);
			runOnlyForDeploymentPostprocessing = 0;
		};
/* End PBXFrameworksBuildPhase section */

/* Begin PBXGroup section */
		C1597E212BB1153300416992 = {
			isa = PBXGroup;
			children = (
				C1597E2C2BB1153300416992 /* HottSpott */,
				C1597E3E2BB1153700416992 /* HottSpottTests */,
				C1597E482BB1153700416992 /* HottSpottUITests */,
				C1597E2B2BB1153300416992 /* Products */,
			);
			sourceTree = "<group>";
		};
		C1597E2B2BB1153300416992 /* Products */ = {
			isa = PBXGroup;
			children = (
				C1597E2A2BB1153300416992 /* HottSpott.app */,
				C1597E3B2BB1153700416992 /* HottSpottTests.xctest */,
				C1597E452BB1153700416992 /* HottSpottUITests.xctest */,
			);
			name = Products;
			sourceTree = "<group>";
		};
		C1597E2C2BB1153300416992 /* HottSpott */ = {
			isa = PBXGroup;
			children = (
				C1597E582BB115AF00416992 /* DataServices */,
				C1597E5B2BB115D400416992 /* ViewModels */,
				C1597E5A2BB115C900416992 /* Views */,
				C1597E592BB115C400416992 /* Models */,
				C1597E2D2BB1153300416992 /* HottSpottApp.swift */,
				C1597E2F2BB1153300416992 /* ContentView.swift */,
				C1597E312BB1153600416992 /* Assets.xcassets */,
				C1597E332BB1153600416992 /* HottSpott.entitlements */,
				C1597E342BB1153600416992 /* Preview Content */,
			);
			path = HottSpott;
			sourceTree = "<group>";
		};
		C1597E342BB1153600416992 /* Preview Content */ = {
			isa = PBXGroup;
			children = (
				C1597E352BB1153600416992 /* Preview Assets.xcassets */,
			);
			path = "Preview Content";
			sourceTree = "<group>";
		};
		C1597E3E2BB1153700416992 /* HottSpottTests */ = {
			isa = PBXGroup;
			children = (
				C1597E3F2BB1153700416992 /* HottSpottTests.swift */,
			);
			path = HottSpottTests;
			sourceTree = "<group>";
		};
		C1597E482BB1153700416992 /* HottSpottUITests */ = {
			isa = PBXGroup;
			children = (
				C1597E492BB1153700416992 /* HottSpottUITests.swift */,
				C1597E4B2BB1153700416992 /* HottSpottUITestsLaunchTests.swift */,
			);
			path = HottSpottUITests;
			sourceTree = "<group>";
		};
		C1597E582BB115AF00416992 /* DataServices */ = {
			isa = PBXGroup;
			children = (
				C1597E5C2BB1160400416992 /* LocationsDataService.swift */,
			);
			path = DataServices;
			sourceTree = "<group>";
		};
		C1597E592BB115C400416992 /* Models */ = {
			isa = PBXGroup;
			children = (
				C1597E6A2BB1169400416992 /* Location.swift */,
			);
			path = Models;
			sourceTree = "<group>";
		};
		C1597E5A2BB115C900416992 /* Views */ = {
			isa = PBXGroup;
			children = (
				C1597E602BB1162D00416992 /* LocationDetailView.swift */,
				C1597E622BB1164900416992 /* LocationMapAnnotationView.swift */,
				C1597E642BB1165A00416992 /* LocationPreviewView.swift */,
				C1597E662BB1166D00416992 /* LocationsView.swift */,
				C1597E682BB1167B00416992 /* RatingView.swift */,
			);
			path = Views;
			sourceTree = "<group>";
		};
		C1597E5B2BB115D400416992 /* ViewModels */ = {
			isa = PBXGroup;
			children = (
				C1597E5E2BB1161A00416992 /* LocationsViewModel.swift */,
			);
			path = ViewModels;
			sourceTree = "<group>";
		};
/* End PBXGroup section */

/* Begin PBXNativeTarget section */
		C1597E292BB1153300416992 /* HottSpott */ = {
			isa = PBXNativeTarget;
			buildConfigurationList = C1597E4F2BB1153700416992 /* Build configuration list for PBXNativeTarget "HottSpott" */;
			buildPhases = (
				C1597E262BB1153300416992 /* Sources */,
				C1597E272BB1153300416992 /* Frameworks */,
				C1597E282BB1153300416992 /* Resources */,
			);
			buildRules = (
			);
			dependencies = (
			);
			name = HottSpott;
			productName = HottSpott;
			productReference = C1597E2A2BB1153300416992 /* HottSpott.app */;
			productType = "com.apple.product-type.application";
		};
		C1597E3A2BB1153700416992 /* HottSpottTests */ = {
			isa = PBXNativeTarget;
			buildConfigurationList = C1597E522BB1153700416992 /* Build configuration list for PBXNativeTarget "HottSpottTests" */;
			buildPhases = (
				C1597E372BB1153700416992 /* Sources */,
				C1597E382BB1153700416992 /* Frameworks */,
				C1597E392BB1153700416992 /* Resources */,
			);
			buildRules = (
			);
			dependencies = (
				C1597E3D2BB1153700416992 /* PBXTargetDependency */,
			);
			name = HottSpottTests;
			productName = HottSpottTests;
			productReference = C1597E3B2BB1153700416992 /* HottSpottTests.xctest */;
			productType = "com.apple.product-type.bundle.unit-test";
		};
		C1597E442BB1153700416992 /* HottSpottUITests */ = {
			isa = PBXNativeTarget;
			buildConfigurationList = C1597E552BB1153700416992 /* Build configuration list for PBXNativeTarget "HottSpottUITests" */;
			buildPhases = (
				C1597E412BB1153700416992 /* Sources */,
				C1597E422BB1153700416992 /* Frameworks */,
				C1597E432BB1153700416992 /* Resources */,
			);
			buildRules = (
			);
			dependencies = (
				C1597E472BB1153700416992 /* PBXTargetDependency */,
			);
			name = HottSpottUITests;
			productName = HottSpottUITests;
			productReference = C1597E452BB1153700416992 /* HottSpottUITests.xctest */;
			productType = "com.apple.product-type.bundle.ui-testing";
		};
/* End PBXNativeTarget section */

/* Begin PBXProject section */
		C1597E222BB1153300416992 /* Project object */ = {
			isa = PBXProject;
			attributes = {
				BuildIndependentTargetsInParallel = 1;
				LastSwiftUpdateCheck = 1530;
				LastUpgradeCheck = 1530;
				TargetAttributes = {
					C1597E292BB1153300416992 = {
						CreatedOnToolsVersion = 15.3;
					};
					C1597E3A2BB1153700416992 = {
						CreatedOnToolsVersion = 15.3;
						TestTargetID = C1597E292BB1153300416992;
					};
					C1597E442BB1153700416992 = {
						CreatedOnToolsVersion = 15.3;
						TestTargetID = C1597E292BB1153300416992;
					};
				};
			};
			buildConfigurationList = C1597E252BB1153300416992 /* Build configuration list for PBXProject "HottSpott" */;
			compatibilityVersion = "Xcode 14.0";
			developmentRegion = en;
			hasScannedForEncodings = 0;
			knownRegions = (
				en,
				Base,
			);
			mainGroup = C1597E212BB1153300416992;
			productRefGroup = C1597E2B2BB1153300416992 /* Products */;
			projectDirPath = "";
			projectRoot = "";
			targets = (
				C1597E292BB1153300416992 /* HottSpott */,
				C1597E3A2BB1153700416992 /* HottSpottTests */,
				C1597E442BB1153700416992 /* HottSpottUITests */,
			);
		};
/* End PBXProject section */

/* Begin PBXResourcesBuildPhase section */
		C1597E282BB1153300416992 /* Resources */ = {
			isa = PBXResourcesBuildPhase;
			buildActionMask = 2147483647;
			files = (
				C1597E362BB1153600416992 /* Preview Assets.xcassets in Resources */,
				C1597E322BB1153600416992 /* Assets.xcassets in Resources */,
			);
			runOnlyForDeploymentPostprocessing = 0;
		};
		C1597E392BB1153700416992 /* Resources */ = {
			isa = PBXResourcesBuildPhase;
			buildActionMask = 2147483647;
			files = (
			);
			runOnlyForDeploymentPostprocessing = 0;
		};
		C1597E432BB1153700416992 /* Resources */ = {
			isa = PBXResourcesBuildPhase;
			buildActionMask = 2147483647;
			files = (
			);
			runOnlyForDeploymentPostprocessing = 0;
		};
/* End PBXResourcesBuildPhase section */

/* Begin PBXSourcesBuildPhase section */
		C1597E262BB1153300416992 /* Sources */ = {
			isa = PBXSourcesBuildPhase;
			buildActionMask = 2147483647;
			files = (
				C1597E302BB1153300416992 /* ContentView.swift in Sources */,
				C1597E632BB1164900416992 /* LocationMapAnnotationView.swift in Sources */,
				C1597E6B2BB1169400416992 /* Location.swift in Sources */,
				C1597E2E2BB1153300416992 /* HottSpottApp.swift in Sources */,
				C1597E692BB1167B00416992 /* RatingView.swift in Sources */,
				C1597E5D2BB1160400416992 /* LocationsDataService.swift in Sources */,
				C1597E652BB1165A00416992 /* LocationPreviewView.swift in Sources */,
				C1597E672BB1166D00416992 /* LocationsView.swift in Sources */,
				C1597E612BB1162D00416992 /* LocationDetailView.swift in Sources */,
				C1597E5F2BB1161A00416992 /* LocationsViewModel.swift in Sources */,
			);
			runOnlyForDeploymentPostprocessing = 0;
		};
		C1597E372BB1153700416992 /* Sources */ = {
			isa = PBXSourcesBuildPhase;
			buildActionMask = 2147483647;
			files = (
				C1597E402BB1153700416992 /* HottSpottTests.swift in Sources */,
			);
			runOnlyForDeploymentPostprocessing = 0;
		};
		C1597E412BB1153700416992 /* Sources */ = {
			isa = PBXSourcesBuildPhase;
			buildActionMask = 2147483647;
			files = (
				C1597E4C2BB1153700416992 /* HottSpottUITestsLaunchTests.swift in Sources */,
				C1597E4A2BB1153700416992 /* HottSpottUITests.swift in Sources */,
			);
			runOnlyForDeploymentPostprocessing = 0;
		};
/* End PBXSourcesBuildPhase section */

/* Begin PBXTargetDependency section */
		C1597E3D2BB1153700416992 /* PBXTargetDependency */ = {
			isa = PBXTargetDependency;
			target = C1597E292BB1153300416992 /* HottSpott */;
			targetProxy = C1597E3C2BB1153700416992 /* PBXContainerItemProxy */;
		};
		C1597E472BB1153700416992 /* PBXTargetDependency */ = {
			isa = PBXTargetDependency;
			target = C1597E292BB1153300416992 /* HottSpott */;
			targetProxy = C1597E462BB1153700416992 /* PBXContainerItemProxy */;
		};
/* End PBXTargetDependency section */

/* Begin XCBuildConfiguration section */
		C1597E4D2BB1153700416992 /* Debug */ = {
			isa = XCBuildConfiguration;
			buildSettings = {
				ALWAYS_SEARCH_USER_PATHS = NO;
				ASSETCATALOG_COMPILER_GENERATE_SWIFT_ASSET_SYMBOL_EXTENSIONS = YES;
				CLANG_ANALYZER_NONNULL = YES;
				CLANG_ANALYZER_NUMBER_OBJECT_CONVERSION = YES_AGGRESSIVE;
				CLANG_CXX_LANGUAGE_STANDARD = "gnu++20";
				CLANG_ENABLE_MODULES = YES;
				CLANG_ENABLE_OBJC_ARC = YES;
				CLANG_ENABLE_OBJC_WEAK = YES;
				CLANG_WARN_BLOCK_CAPTURE_AUTORELEASING = YES;
				CLANG_WARN_BOOL_CONVERSION = YES;
				CLANG_WARN_COMMA = YES;
				CLANG_WARN_CONSTANT_CONVERSION = YES;
				CLANG_WARN_DEPRECATED_OBJC_IMPLEMENTATIONS = YES;
				CLANG_WARN_DIRECT_OBJC_ISA_USAGE = YES_ERROR;
				CLANG_WARN_DOCUMENTATION_COMMENTS = YES;
				CLANG_WARN_EMPTY_BODY = YES;
				CLANG_WARN_ENUM_CONVERSION = YES;
				CLANG_WARN_INFINITE_RECURSION = YES;
				CLANG_WARN_INT_CONVERSION = YES;
				CLANG_WARN_NON_LITERAL_NULL_CONVERSION = YES;
				CLANG_WARN_OBJC_IMPLICIT_RETAIN_SELF = YES;
				CLANG_WARN_OBJC_LITERAL_CONVERSION = YES;
				CLANG_WARN_OBJC_ROOT_CLASS = YES_ERROR;
				CLANG_WARN_QUOTED_INCLUDE_IN_FRAMEWORK_HEADER = YES;
				CLANG_WARN_RANGE_LOOP_ANALYSIS = YES;
				CLANG_WARN_STRICT_PROTOTYPES = YES;
				CLANG_WARN_SUSPICIOUS_MOVE = YES;
				CLANG_WARN_UNGUARDED_AVAILABILITY = YES_AGGRESSIVE;
				CLANG_WARN_UNREACHABLE_CODE = YES;
				CLANG_WARN__DUPLICATE_METHOD_MATCH = YES;
				COPY_PHASE_STRIP = NO;
				DEBUG_INFORMATION_FORMAT = dwarf;
				ENABLE_STRICT_OBJC_MSGSEND = YES;
				ENABLE_TESTABILITY = YES;
				ENABLE_USER_SCRIPT_SANDBOXING = YES;
				GCC_C_LANGUAGE_STANDARD = gnu17;
				GCC_DYNAMIC_NO_PIC = NO;
				GCC_NO_COMMON_BLOCKS = YES;
				GCC_OPTIMIZATION_LEVEL = 0;
				GCC_PREPROCESSOR_DEFINITIONS = (
					"DEBUG=1",
					"$(inherited)",
				);
				GCC_WARN_64_TO_32_BIT_CONVERSION = YES;
				GCC_WARN_ABOUT_RETURN_TYPE = YES_ERROR;
				GCC_WARN_UNDECLARED_SELECTOR = YES;
				GCC_WARN_UNINITIALIZED_AUTOS = YES_AGGRESSIVE;
				GCC_WARN_UNUSED_FUNCTION = YES;
				GCC_WARN_UNUSED_VARIABLE = YES;
				LOCALIZATION_PREFERS_STRING_CATALOGS = YES;
				MTL_ENABLE_DEBUG_INFO = INCLUDE_SOURCE;
				MTL_FAST_MATH = YES;
				ONLY_ACTIVE_ARCH = YES;
				SWIFT_ACTIVE_COMPILATION_CONDITIONS = "DEBUG $(inherited)";
				SWIFT_OPTIMIZATION_LEVEL = "-Onone";
			};
			name = Debug;
		};
		C1597E4E2BB1153700416992 /* Release */ = {
			isa = XCBuildConfiguration;
			buildSettings = {
				ALWAYS_SEARCH_USER_PATHS = NO;
				ASSETCATALOG_COMPILER_GENERATE_SWIFT_ASSET_SYMBOL_EXTENSIONS = YES;
				CLANG_ANALYZER_NONNULL = YES;
				CLANG_ANALYZER_NUMBER_OBJECT_CONVERSION = YES_AGGRESSIVE;
				CLANG_CXX_LANGUAGE_STANDARD = "gnu++20";
				CLANG_ENABLE_MODULES = YES;
				CLANG_ENABLE_OBJC_ARC = YES;
				CLANG_ENABLE_OBJC_WEAK = YES;
				CLANG_WARN_BLOCK_CAPTURE_AUTORELEASING = YES;
				CLANG_WARN_BOOL_CONVERSION = YES;
				CLANG_WARN_COMMA = YES;
				CLANG_WARN_CONSTANT_CONVERSION = YES;
				CLANG_WARN_DEPRECATED_OBJC_IMPLEMENTATIONS = YES;
				CLANG_WARN_DIRECT_OBJC_ISA_USAGE = YES_ERROR;
				CLANG_WARN_DOCUMENTATION_COMMENTS = YES;
				CLANG_WARN_EMPTY_BODY = YES;
				CLANG_WARN_ENUM_CONVERSION = YES;
				CLANG_WARN_INFINITE_RECURSION = YES;
				CLANG_WARN_INT_CONVERSION = YES;
				CLANG_WARN_NON_LITERAL_NULL_CONVERSION = YES;
				CLANG_WARN_OBJC_IMPLICIT_RETAIN_SELF = YES;
				CLANG_WARN_OBJC_LITERAL_CONVERSION = YES;
				CLANG_WARN_OBJC_ROOT_CLASS = YES_ERROR;
				CLANG_WARN_QUOTED_INCLUDE_IN_FRAMEWORK_HEADER = YES;
				CLANG_WARN_RANGE_LOOP_ANALYSIS = YES;
				CLANG_WARN_STRICT_PROTOTYPES = YES;
				CLANG_WARN_SUSPICIOUS_MOVE = YES;
				CLANG_WARN_UNGUARDED_AVAILABILITY = YES_AGGRESSIVE;
				CLANG_WARN_UNREACHABLE_CODE = YES;
				CLANG_WARN__DUPLICATE_METHOD_MATCH = YES;
				COPY_PHASE_STRIP = NO;
				DEBUG_INFORMATION_FORMAT = "dwarf-with-dsym";
				ENABLE_NS_ASSERTIONS = NO;
				ENABLE_STRICT_OBJC_MSGSEND = YES;
				ENABLE_USER_SCRIPT_SANDBOXING = YES;
				GCC_C_LANGUAGE_STANDARD = gnu17;
				GCC_NO_COMMON_BLOCKS = YES;
				GCC_WARN_64_TO_32_BIT_CONVERSION = YES;
				GCC_WARN_ABOUT_RETURN_TYPE = YES_ERROR;
				GCC_WARN_UNDECLARED_SELECTOR = YES;
				GCC_WARN_UNINITIALIZED_AUTOS = YES_AGGRESSIVE;
				GCC_WARN_UNUSED_FUNCTION = YES;
				GCC_WARN_UNUSED_VARIABLE = YES;
				LOCALIZATION_PREFERS_STRING_CATALOGS = YES;
				MTL_ENABLE_DEBUG_INFO = NO;
				MTL_FAST_MATH = YES;
				SWIFT_COMPILATION_MODE = wholemodule;
			};
			name = Release;
		};
		C1597E502BB1153700416992 /* Debug */ = {
			isa = XCBuildConfiguration;
			buildSettings = {
				ASSETCATALOG_COMPILER_APPICON_NAME = AppIcon;
				ASSETCATALOG_COMPILER_GLOBAL_ACCENT_COLOR_NAME = AccentColor;
				CODE_SIGN_ENTITLEMENTS = HottSpott/HottSpott.entitlements;
				CODE_SIGN_STYLE = Automatic;
				CURRENT_PROJECT_VERSION = 1;
				DEVELOPMENT_ASSET_PATHS = "\"HottSpott/Preview Content\"";
				ENABLE_PREVIEWS = YES;
				GENERATE_INFOPLIST_FILE = YES;
				"INFOPLIST_KEY_UIApplicationSceneManifest_Generation[sdk=iphoneos*]" = YES;
				"INFOPLIST_KEY_UIApplicationSceneManifest_Generation[sdk=iphonesimulator*]" = YES;
				"INFOPLIST_KEY_UIApplicationSupportsIndirectInputEvents[sdk=iphoneos*]" = YES;
				"INFOPLIST_KEY_UIApplicationSupportsIndirectInputEvents[sdk=iphonesimulator*]" = YES;
				"INFOPLIST_KEY_UILaunchScreen_Generation[sdk=iphoneos*]" = YES;
				"INFOPLIST_KEY_UILaunchScreen_Generation[sdk=iphonesimulator*]" = YES;
				"INFOPLIST_KEY_UIStatusBarStyle[sdk=iphoneos*]" = UIStatusBarStyleDefault;
				"INFOPLIST_KEY_UIStatusBarStyle[sdk=iphonesimulator*]" = UIStatusBarStyleDefault;
				INFOPLIST_KEY_UISupportedInterfaceOrientations_iPad = "UIInterfaceOrientationPortrait UIInterfaceOrientationPortraitUpsideDown UIInterfaceOrientationLandscapeLeft UIInterfaceOrientationLandscapeRight";
				INFOPLIST_KEY_UISupportedInterfaceOrientations_iPhone = "UIInterfaceOrientationPortrait UIInterfaceOrientationLandscapeLeft UIInterfaceOrientationLandscapeRight";
				IPHONEOS_DEPLOYMENT_TARGET = 17.4;
				LD_RUNPATH_SEARCH_PATHS = "@executable_path/Frameworks";
				"LD_RUNPATH_SEARCH_PATHS[sdk=macosx*]" = "@executable_path/../Frameworks";
				MACOSX_DEPLOYMENT_TARGET = 14.4;
				MARKETING_VERSION = 1.0;
				PRODUCT_BUNDLE_IDENTIFIER = HottSpott.HottSpott;
				PRODUCT_NAME = "$(TARGET_NAME)";
				SDKROOT = auto;
				SUPPORTED_PLATFORMS = "iphoneos iphonesimulator macosx";
				SWIFT_EMIT_LOC_STRINGS = YES;
				SWIFT_VERSION = 5.0;
				TARGETED_DEVICE_FAMILY = "1,2";
			};
			name = Debug;
		};
		C1597E512BB1153700416992 /* Release */ = {
			isa = XCBuildConfiguration;
			buildSettings = {
				ASSETCATALOG_COMPILER_APPICON_NAME = AppIcon;
				ASSETCATALOG_COMPILER_GLOBAL_ACCENT_COLOR_NAME = AccentColor;
				CODE_SIGN_ENTITLEMENTS = HottSpott/HottSpott.entitlements;
				CODE_SIGN_STYLE = Automatic;
				CURRENT_PROJECT_VERSION = 1;
				DEVELOPMENT_ASSET_PATHS = "\"HottSpott/Preview Content\"";
				ENABLE_PREVIEWS = YES;
				GENERATE_INFOPLIST_FILE = YES;
				"INFOPLIST_KEY_UIApplicationSceneManifest_Generation[sdk=iphoneos*]" = YES;
				"INFOPLIST_KEY_UIApplicationSceneManifest_Generation[sdk=iphonesimulator*]" = YES;
				"INFOPLIST_KEY_UIApplicationSupportsIndirectInputEvents[sdk=iphoneos*]" = YES;
				"INFOPLIST_KEY_UIApplicationSupportsIndirectInputEvents[sdk=iphonesimulator*]" = YES;
				"INFOPLIST_KEY_UILaunchScreen_Generation[sdk=iphoneos*]" = YES;
				"INFOPLIST_KEY_UILaunchScreen_Generation[sdk=iphonesimulator*]" = YES;
				"INFOPLIST_KEY_UIStatusBarStyle[sdk=iphoneos*]" = UIStatusBarStyleDefault;
				"INFOPLIST_KEY_UIStatusBarStyle[sdk=iphonesimulator*]" = UIStatusBarStyleDefault;
				INFOPLIST_KEY_UISupportedInterfaceOrientations_iPad = "UIInterfaceOrientationPortrait UIInterfaceOrientationPortraitUpsideDown UIInterfaceOrientationLandscapeLeft UIInterfaceOrientationLandscapeRight";
				INFOPLIST_KEY_UISupportedInterfaceOrientations_iPhone = "UIInterfaceOrientationPortrait UIInterfaceOrientationLandscapeLeft UIInterfaceOrientationLandscapeRight";
				IPHONEOS_DEPLOYMENT_TARGET = 17.4;
				LD_RUNPATH_SEARCH_PATHS = "@executable_path/Frameworks";
				"LD_RUNPATH_SEARCH_PATHS[sdk=macosx*]" = "@executable_path/../Frameworks";
				MACOSX_DEPLOYMENT_TARGET = 14.4;
				MARKETING_VERSION = 1.0;
				PRODUCT_BUNDLE_IDENTIFIER = HottSpott.HottSpott;
				PRODUCT_NAME = "$(TARGET_NAME)";
				SDKROOT = auto;
				SUPPORTED_PLATFORMS = "iphoneos iphonesimulator macosx";
				SWIFT_EMIT_LOC_STRINGS = YES;
				SWIFT_VERSION = 5.0;
				TARGETED_DEVICE_FAMILY = "1,2";
			};
			name = Release;
		};
		C1597E532BB1153700416992 /* Debug */ = {
			isa = XCBuildConfiguration;
			buildSettings = {
				ALWAYS_EMBED_SWIFT_STANDARD_LIBRARIES = YES;
				BUNDLE_LOADER = "$(TEST_HOST)";
				CODE_SIGN_STYLE = Automatic;
				CURRENT_PROJECT_VERSION = 1;
				GENERATE_INFOPLIST_FILE = YES;
				IPHONEOS_DEPLOYMENT_TARGET = 17.4;
				MACOSX_DEPLOYMENT_TARGET = 14.4;
				MARKETING_VERSION = 1.0;
				PRODUCT_BUNDLE_IDENTIFIER = HottSpott.HottSpottTests;
				PRODUCT_NAME = "$(TARGET_NAME)";
				SDKROOT = auto;
				SUPPORTED_PLATFORMS = "iphoneos iphonesimulator macosx";
				SWIFT_EMIT_LOC_STRINGS = NO;
				SWIFT_VERSION = 5.0;
				TARGETED_DEVICE_FAMILY = "1,2";
				TEST_HOST = "$(BUILT_PRODUCTS_DIR)/HottSpott.app/$(BUNDLE_EXECUTABLE_FOLDER_PATH)/HottSpott";
			};
			name = Debug;
		};
		C1597E542BB1153700416992 /* Release */ = {
			isa = XCBuildConfiguration;
			buildSettings = {
				ALWAYS_EMBED_SWIFT_STANDARD_LIBRARIES = YES;
				BUNDLE_LOADER = "$(TEST_HOST)";
				CODE_SIGN_STYLE = Automatic;
				CURRENT_PROJECT_VERSION = 1;
				GENERATE_INFOPLIST_FILE = YES;
				IPHONEOS_DEPLOYMENT_TARGET = 17.4;
				MACOSX_DEPLOYMENT_TARGET = 14.4;
				MARKETING_VERSION = 1.0;
				PRODUCT_BUNDLE_IDENTIFIER = HottSpott.HottSpottTests;
				PRODUCT_NAME = "$(TARGET_NAME)";
				SDKROOT = auto;
				SUPPORTED_PLATFORMS = "iphoneos iphonesimulator macosx";
				SWIFT_EMIT_LOC_STRINGS = NO;
				SWIFT_VERSION = 5.0;
				TARGETED_DEVICE_FAMILY = "1,2";
				TEST_HOST = "$(BUILT_PRODUCTS_DIR)/HottSpott.app/$(BUNDLE_EXECUTABLE_FOLDER_PATH)/HottSpott";
			};
			name = Release;
		};
		C1597E562BB1153700416992 /* Debug */ = {
			isa = XCBuildConfiguration;
			buildSettings = {
				ALWAYS_EMBED_SWIFT_STANDARD_LIBRARIES = YES;
				CODE_SIGN_STYLE = Automatic;
				CURRENT_PROJECT_VERSION = 1;
				GENERATE_INFOPLIST_FILE = YES;
				IPHONEOS_DEPLOYMENT_TARGET = 17.4;
				MACOSX_DEPLOYMENT_TARGET = 14.4;
				MARKETING_VERSION = 1.0;
				PRODUCT_BUNDLE_IDENTIFIER = HottSpott.HottSpottUITests;
				PRODUCT_NAME = "$(TARGET_NAME)";
				SDKROOT = auto;
				SUPPORTED_PLATFORMS = "iphoneos iphonesimulator macosx";
				SWIFT_EMIT_LOC_STRINGS = NO;
				SWIFT_VERSION = 5.0;
				TARGETED_DEVICE_FAMILY = "1,2";
				TEST_TARGET_NAME = HottSpott;
			};
			name = Debug;
		};
		C1597E572BB1153700416992 /* Release */ = {
			isa = XCBuildConfiguration;
			buildSettings = {
				ALWAYS_EMBED_SWIFT_STANDARD_LIBRARIES = YES;
				CODE_SIGN_STYLE = Automatic;
				CURRENT_PROJECT_VERSION = 1;
				GENERATE_INFOPLIST_FILE = YES;
				IPHONEOS_DEPLOYMENT_TARGET = 17.4;
				MACOSX_DEPLOYMENT_TARGET = 14.4;
				MARKETING_VERSION = 1.0;
				PRODUCT_BUNDLE_IDENTIFIER = HottSpott.HottSpottUITests;
				PRODUCT_NAME = "$(TARGET_NAME)";
				SDKROOT = auto;
				SUPPORTED_PLATFORMS = "iphoneos iphonesimulator macosx";
				SWIFT_EMIT_LOC_STRINGS = NO;
				SWIFT_VERSION = 5.0;
				TARGETED_DEVICE_FAMILY = "1,2";
				TEST_TARGET_NAME = HottSpott;
			};
			name = Release;
		};
/* End XCBuildConfiguration section */

/* Begin XCConfigurationList section */
		C1597E252BB1153300416992 /* Build configuration list for PBXProject "HottSpott" */ = {
			isa = XCConfigurationList;
			buildConfigurations = (
				C1597E4D2BB1153700416992 /* Debug */,
				C1597E4E2BB1153700416992 /* Release */,
			);
			defaultConfigurationIsVisible = 0;
			defaultConfigurationName = Release;
		};
		C1597E4F2BB1153700416992 /* Build configuration list for PBXNativeTarget "HottSpott" */ = {
			isa = XCConfigurationList;
			buildConfigurations = (
				C1597E502BB1153700416992 /* Debug */,
				C1597E512BB1153700416992 /* Release */,
			);
			defaultConfigurationIsVisible = 0;
			defaultConfigurationName = Release;
		};
		C1597E522BB1153700416992 /* Build configuration list for PBXNativeTarget "HottSpottTests" */ = {
			isa = XCConfigurationList;
			buildConfigurations = (
				C1597E532BB1153700416992 /* Debug */,
				C1597E542BB1153700416992 /* Release */,
			);
			defaultConfigurationIsVisible = 0;
			defaultConfigurationName = Release;
		};
		C1597E552BB1153700416992 /* Build configuration list for PBXNativeTarget "HottSpottUITests" */ = {
			isa = XCConfigurationList;
			buildConfigurations = (
				C1597E562BB1153700416992 /* Debug */,
				C1597E572BB1153700416992 /* Release */,
			);
			defaultConfigurationIsVisible = 0;
			defaultConfigurationName = Release;
		};
/* End XCConfigurationList section */
	};
	rootObject = C1597E222BB1153300416992 /* Project object */;
}
